{
  "name": "vue2.4.1-webpack5",
  "version": "1.0.0",
  "lockfileVersion": 1,
  "requires": true,
  "dependencies": {
    "@npmcli/move-file": {
      "version": "1.0.1",
      "resolved": "https://registry.npm.taobao.org/@npmcli/move-file/download/@npmcli/move-file-1.0.1.tgz",
      "integrity": "sha1-3hAwcNrA9IzknPZpPCOvWcD3BGQ=",
      "requires": {
        "mkdirp": "^1.0.4"
      }
    },
    "@types/eslint": {
      "version": "7.2.5",
      "resolved": "https://registry.npm.taobao.org/@types/eslint/download/@types/eslint-7.2.5.tgz?cache=0&sync_timestamp=1605520583158&other_urls=https%3A%2F%2Fregistry.npm.taobao.org%2F%40types%2Feslint%2Fdownload%2F%40types%2Feslint-7.2.5.tgz",
      "integrity": "sha1-khcuz0kML85LB2c5aT118wN21hA=",
      "requires": {
        "@types/estree": "*",
        "@types/json-schema": "*"
      }
    },
    "@types/eslint-scope": {
      "version": "3.7.0",
      "resolved": "https://registry.npm.taobao.org/@types/eslint-scope/download/@types/eslint-scope-3.7.0.tgz?cache=0&sync_timestamp=1605053519965&other_urls=https%3A%2F%2Fregistry.npm.taobao.org%2F%40types%2Feslint-scope%2Fdownload%2F%40types%2Feslint-scope-3.7.0.tgz",
      "integrity": "sha1-R5KBbjERnr1QaQKkgsrsSVH6vYY=",
      "requires": {
        "@types/eslint": "*",
        "@types/estree": "*"
      }
    },
    "@types/estree": {
      "version": "0.0.45",
      "resolved": "https://registry.npm.taobao.org/@types/estree/download/@types/estree-0.0.45.tgz?cache=0&sync_timestamp=1605053520230&other_urls=https%3A%2F%2Fregistry.npm.taobao.org%2F%40types%2Festree%2Fdownload%2F%40types%2Festree-0.0.45.tgz",
      "integrity": "sha1-6Th1cpmOXs2sIhlQ2rPow7Fq+IQ="
    },
    "@types/json-schema": {
      "version": "7.0.6",
      "resolved": "https://registry.npm.taobao.org/@types/json-schema/download/@types/json-schema-7.0.6.tgz",
      "integrity": "sha1-9MfsQ+gbMZqYFRFQMXCfJph4kfA="
    },
    "@types/node": {
      "version": "14.14.9",
      "resolved": "https://registry.npm.taobao.org/@types/node/download/@types/node-14.14.9.tgz?cache=0&sync_timestamp=1605819650853&other_urls=https%3A%2F%2Fregistry.npm.taobao.org%2F%40types%2Fnode%2Fdownload%2F%40types%2Fnode-14.14.9.tgz",
      "integrity": "sha1-BK/Jolxv+T2hTeq9ZdxESFtTyNY="
    },
    "@webassemblyjs/ast": {
      "version": "1.9.0",
      "resolved": "https://registry.npm.taobao.org/@webassemblyjs/ast/download/@webassemblyjs/ast-1.9.0.tgz",
      "integrity": "sha1-vYUGBLQEJFmlpBzX0zjL7Wle2WQ=",
      "requires": {
        "@webassemblyjs/helper-module-context": "1.9.0",
        "@webassemblyjs/helper-wasm-bytecode": "1.9.0",
        "@webassemblyjs/wast-parser": "1.9.0"
      }
    },
    "@webassemblyjs/floating-point-hex-parser": {
      "version": "1.9.0",
      "resolved": "https://registry.npm.taobao.org/@webassemblyjs/floating-point-hex-parser/download/@webassemblyjs/floating-point-hex-parser-1.9.0.tgz",
      "integrity": "sha1-PD07Jxvd/ITesA9xNEQ4MR1S/7Q="
    },
    "@webassemblyjs/helper-api-error": {
      "version": "1.9.0",
      "resolved": "https://registry.npm.taobao.org/@webassemblyjs/helper-api-error/download/@webassemblyjs/helper-api-error-1.9.0.tgz",
      "integrity": "sha1-ID9nbjM7lsnaLuqzzO8zxFkotqI="
    },
    "@webassemblyjs/helper-buffer": {
      "version": "1.9.0",
      "resolved": "https://registry.npm.taobao.org/@webassemblyjs/helper-buffer/download/@webassemblyjs/helper-buffer-1.9.0.tgz",
      "integrity": "sha1-oUQtJpxf6yP8vJ73WdrDVH8p3gA="
    },
    "@webassemblyjs/helper-code-frame": {
      "version": "1.9.0",
      "resolved": "https://registry.npm.taobao.org/@webassemblyjs/helper-code-frame/download/@webassemblyjs/helper-code-frame-1.9.0.tgz",
      "integrity": "sha1-ZH+Iks0gQ6gqwMjF51w28dkVnyc=",
      "requires": {
        "@webassemblyjs/wast-printer": "1.9.0"
      }
    },
    "@webassemblyjs/helper-fsm": {
      "version": "1.9.0",
      "resolved": "https://registry.npm.taobao.org/@webassemblyjs/helper-fsm/download/@webassemblyjs/helper-fsm-1.9.0.tgz",
      "integrity": "sha1-wFJWtxJEIUZx9LCOwQitY7cO3bg="
    },
    "@webassemblyjs/helper-module-context": {
      "version": "1.9.0",
      "resolved": "https://registry.npm.taobao.org/@webassemblyjs/helper-module-context/download/@webassemblyjs/helper-module-context-1.9.0.tgz",
      "integrity": "sha1-JdiIS3aDmHGgimxvgGw5ee9xLwc=",
      "requires": {
        "@webassemblyjs/ast": "1.9.0"
      }
    },
    "@webassemblyjs/helper-wasm-bytecode": {
      "version": "1.9.0",
      "resolved": "https://registry.npm.taobao.org/@webassemblyjs/helper-wasm-bytecode/download/@webassemblyjs/helper-wasm-bytecode-1.9.0.tgz",
      "integrity": "sha1-T+2L6sm4wU+MWLcNEk1UndH+V5A="
    },
    "@webassemblyjs/helper-wasm-section": {
      "version": "1.9.0",
      "resolved": "https://registry.npm.taobao.org/@webassemblyjs/helper-wasm-section/download/@webassemblyjs/helper-wasm-section-1.9.0.tgz",
      "integrity": "sha1-WkE41aYpK6GLBMWuSXF+QWeWU0Y=",
      "requires": {
        "@webassemblyjs/ast": "1.9.0",
        "@webassemblyjs/helper-buffer": "1.9.0",
        "@webassemblyjs/helper-wasm-bytecode": "1.9.0",
        "@webassemblyjs/wasm-gen": "1.9.0"
      }
    },
    "@webassemblyjs/ieee754": {
      "version": "1.9.0",
      "resolved": "https://registry.npm.taobao.org/@webassemblyjs/ieee754/download/@webassemblyjs/ieee754-1.9.0.tgz",
      "integrity": "sha1-Fceg+6roP7JhQ7us9tbfFwKtOeQ=",
      "requires": {
        "@xtuc/ieee754": "^1.2.0"
      }
    },
    "@webassemblyjs/leb128": {
      "version": "1.9.0",
      "resolved": "https://registry.npm.taobao.org/@webassemblyjs/leb128/download/@webassemblyjs/leb128-1.9.0.tgz",
      "integrity": "sha1-8Zygt2ptxVYjoJz/p2noOPoeHJU=",
      "requires": {
        "@xtuc/long": "4.2.2"
      }
    },
    "@webassemblyjs/utf8": {
      "version": "1.9.0",
      "resolved": "https://registry.npm.taobao.org/@webassemblyjs/utf8/download/@webassemblyjs/utf8-1.9.0.tgz",
      "integrity": "sha1-BNM7Y2945qaBMifoJAL3Y3tiKas="
    },
    "@webassemblyjs/wasm-edit": {
      "version": "1.9.0",
      "resolved": "https://registry.npm.taobao.org/@webassemblyjs/wasm-edit/download/@webassemblyjs/wasm-edit-1.9.0.tgz",
      "integrity": "sha1-P+bXnT8PkiGDqoYALELdJWz+6c8=",
      "requires": {
        "@webassemblyjs/ast": "1.9.0",
        "@webassemblyjs/helper-buffer": "1.9.0",
        "@webassemblyjs/helper-wasm-bytecode": "1.9.0",
        "@webassemblyjs/helper-wasm-section": "1.9.0",
        "@webassemblyjs/wasm-gen": "1.9.0",
        "@webassemblyjs/wasm-opt": "1.9.0",
        "@webassemblyjs/wasm-parser": "1.9.0",
        "@webassemblyjs/wast-printer": "1.9.0"
      }
    },
    "@webassemblyjs/wasm-gen": {
      "version": "1.9.0",
      "resolved": "https://registry.npm.taobao.org/@webassemblyjs/wasm-gen/download/@webassemblyjs/wasm-gen-1.9.0.tgz",
      "integrity": "sha1-ULxw7Gje2OJ2OwGhQYv0NJGnpJw=",
      "requires": {
        "@webassemblyjs/ast": "1.9.0",
        "@webassemblyjs/helper-wasm-bytecode": "1.9.0",
        "@webassemblyjs/ieee754": "1.9.0",
        "@webassemblyjs/leb128": "1.9.0",
        "@webassemblyjs/utf8": "1.9.0"
      }
    },
    "@webassemblyjs/wasm-opt": {
      "version": "1.9.0",
      "resolved": "https://registry.npm.taobao.org/@webassemblyjs/wasm-opt/download/@webassemblyjs/wasm-opt-1.9.0.tgz",
      "integrity": "sha1-IhEYHlsxMmRDzIES658LkChyGmE=",
      "requires": {
        "@webassemblyjs/ast": "1.9.0",
        "@webassemblyjs/helper-buffer": "1.9.0",
        "@webassemblyjs/wasm-gen": "1.9.0",
        "@webassemblyjs/wasm-parser": "1.9.0"
      }
    },
    "@webassemblyjs/wasm-parser": {
      "version": "1.9.0",
      "resolved": "https://registry.npm.taobao.org/@webassemblyjs/wasm-parser/download/@webassemblyjs/wasm-parser-1.9.0.tgz",
      "integrity": "sha1-nUjkSCbfSmWYKUqmyHRp1kL/9l4=",
      "requires": {
        "@webassemblyjs/ast": "1.9.0",
        "@webassemblyjs/helper-api-error": "1.9.0",
        "@webassemblyjs/helper-wasm-bytecode": "1.9.0",
        "@webassemblyjs/ieee754": "1.9.0",
        "@webassemblyjs/leb128": "1.9.0",
        "@webassemblyjs/utf8": "1.9.0"
      }
    },
    "@webassemblyjs/wast-parser": {
      "version": "1.9.0",
      "resolved": "https://registry.npm.taobao.org/@webassemblyjs/wast-parser/download/@webassemblyjs/wast-parser-1.9.0.tgz",
      "integrity": "sha1-MDERXXmsW9JhVWzsw/qQo+9FGRQ=",
      "requires": {
        "@webassemblyjs/ast": "1.9.0",
        "@webassemblyjs/floating-point-hex-parser": "1.9.0",
        "@webassemblyjs/helper-api-error": "1.9.0",
        "@webassemblyjs/helper-code-frame": "1.9.0",
        "@webassemblyjs/helper-fsm": "1.9.0",
        "@xtuc/long": "4.2.2"
      }
    },
    "@webassemblyjs/wast-printer": {
      "version": "1.9.0",
      "resolved": "https://registry.npm.taobao.org/@webassemblyjs/wast-printer/download/@webassemblyjs/wast-printer-1.9.0.tgz",
      "integrity": "sha1-STXVTIX+9jewDOn1I3dFHQDUeJk=",
      "requires": {
        "@webassemblyjs/ast": "1.9.0",
        "@webassemblyjs/wast-parser": "1.9.0",
        "@xtuc/long": "4.2.2"
      }
    },
    "@xtuc/ieee754": {
      "version": "1.2.0",
      "resolved": "https://registry.npm.taobao.org/@xtuc/ieee754/download/@xtuc/ieee754-1.2.0.tgz",
      "integrity": "sha1-7vAUoxRa5Hehy8AM0eVSM23Ot5A="
    },
    "@xtuc/long": {
      "version": "4.2.2",
      "resolved": "https://registry.npm.taobao.org/@xtuc/long/download/@xtuc/long-4.2.2.tgz",
      "integrity": "sha1-0pHGpOl5ibXGHZrPOWrk/hM6cY0="
    },
    "acorn": {
      "version": "8.0.4",
      "resolved": "https://registry.npm.taobao.org/acorn/download/acorn-8.0.4.tgz",
      "integrity": "sha1-ejrkGRRmpphO7g/jQHpPOqnbg1Q="
    },
    "aggregate-error": {
      "version": "3.1.0",
      "resolved": "https://registry.npm.taobao.org/aggregate-error/download/aggregate-error-3.1.0.tgz",
      "integrity": "sha1-kmcP9Q9TWb23o+DUDQ7DDFc3aHo=",
      "requires": {
        "clean-stack": "^2.0.0",
        "indent-string": "^4.0.0"
      }
    },
    "ajv": {
      "version": "6.12.6",
      "resolved": "https://registry.npm.taobao.org/ajv/download/ajv-6.12.6.tgz?cache=0&sync_timestamp=1605562306129&other_urls=https%3A%2F%2Fregistry.npm.taobao.org%2Fajv%2Fdownload%2Fajv-6.12.6.tgz",
      "integrity": "sha1-uvWmLoArB9l3A0WG+MO69a3ybfQ=",
      "requires": {
        "fast-deep-equal": "^3.1.1",
        "fast-json-stable-stringify": "^2.0.0",
        "json-schema-traverse": "^0.4.1",
        "uri-js": "^4.2.2"
      }
    },
    "ajv-keywords": {
      "version": "3.5.2",
      "resolved": "https://registry.npm.taobao.org/ajv-keywords/download/ajv-keywords-3.5.2.tgz?cache=0&sync_timestamp=1605601486944&other_urls=https%3A%2F%2Fregistry.npm.taobao.org%2Fajv-keywords%2Fdownload%2Fajv-keywords-3.5.2.tgz",
      "integrity": "sha1-MfKdpatuANHC0yms97WSlhTVAU0="
    },
    "balanced-match": {
      "version": "1.0.0",
      "resolved": "https://registry.npm.taobao.org/balanced-match/download/balanced-match-1.0.0.tgz",
      "integrity": "sha1-ibTRmasr7kneFk6gK4nORi1xt2c="
    },
    "brace-expansion": {
      "version": "1.1.11",
      "resolved": "https://registry.npm.taobao.org/brace-expansion/download/brace-expansion-1.1.11.tgz?cache=0&sync_timestamp=1601898189928&other_urls=https%3A%2F%2Fregistry.npm.taobao.org%2Fbrace-expansion%2Fdownload%2Fbrace-expansion-1.1.11.tgz",
      "integrity": "sha1-PH/L9SnYcibz0vUrlm/1Jx60Qd0=",
      "requires": {
        "balanced-match": "^1.0.0",
        "concat-map": "0.0.1"
      }
    },
    "browserslist": {
      "version": "4.14.7",
      "resolved": "https://registry.npm.taobao.org/browserslist/download/browserslist-4.14.7.tgz",
      "integrity": "sha1-wHHBs2IsHC55B5mje7CUc6Q1HLY=",
      "requires": {
        "caniuse-lite": "^1.0.30001157",
        "colorette": "^1.2.1",
        "electron-to-chromium": "^1.3.591",
        "escalade": "^3.1.1",
        "node-releases": "^1.1.66"
      }
    },
    "buffer-from": {
      "version": "1.1.1",
      "resolved": "https://registry.npm.taobao.org/buffer-from/download/buffer-from-1.1.1.tgz",
      "integrity": "sha1-MnE7wCj3XAL9txDXx7zsHyxgcO8="
    },
    "cacache": {
      "version": "15.0.5",
      "resolved": "https://registry.npm.taobao.org/cacache/download/cacache-15.0.5.tgz?cache=0&sync_timestamp=1594428108619&other_urls=https%3A%2F%2Fregistry.npm.taobao.org%2Fcacache%2Fdownload%2Fcacache-15.0.5.tgz",
      "integrity": "sha1-aRYoM9opFw1nMjNGQ8YOAF9fF9A=",
      "requires": {
        "@npmcli/move-file": "^1.0.1",
        "chownr": "^2.0.0",
        "fs-minipass": "^2.0.0",
        "glob": "^7.1.4",
        "infer-owner": "^1.0.4",
        "lru-cache": "^6.0.0",
        "minipass": "^3.1.1",
        "minipass-collect": "^1.0.2",
        "minipass-flush": "^1.0.5",
        "minipass-pipeline": "^1.2.2",
        "mkdirp": "^1.0.3",
        "p-map": "^4.0.0",
        "promise-inflight": "^1.0.1",
        "rimraf": "^3.0.2",
        "ssri": "^8.0.0",
        "tar": "^6.0.2",
        "unique-filename": "^1.1.1"
      }
    },
    "caniuse-lite": {
      "version": "1.0.30001159",
      "resolved": "https://registry.npm.taobao.org/caniuse-lite/download/caniuse-lite-1.0.30001159.tgz?cache=0&sync_timestamp=1605683110767&other_urls=https%3A%2F%2Fregistry.npm.taobao.org%2Fcaniuse-lite%2Fdownload%2Fcaniuse-lite-1.0.30001159.tgz",
      "integrity": "sha1-vr3ij4k/qVlNrcqn1rjiqgKZ3yA="
    },
    "chownr": {
      "version": "2.0.0",
      "resolved": "https://registry.npm.taobao.org/chownr/download/chownr-2.0.0.tgz",
      "integrity": "sha1-Fb++U9LqtM9w8YqM1o6+Wzyx3s4="
    },
    "chrome-trace-event": {
      "version": "1.0.2",
      "resolved": "https://registry.npm.taobao.org/chrome-trace-event/download/chrome-trace-event-1.0.2.tgz",
      "integrity": "sha1-I0CQ7pfH1K0aLEvq4nUF3v/GCKQ=",
      "requires": {
        "tslib": "^1.9.0"
      }
    },
    "clean-stack": {
      "version": "2.2.0",
      "resolved": "https://registry.npm.taobao.org/clean-stack/download/clean-stack-2.2.0.tgz?cache=0&sync_timestamp=1605702305638&other_urls=https%3A%2F%2Fregistry.npm.taobao.org%2Fclean-stack%2Fdownload%2Fclean-stack-2.2.0.tgz",
      "integrity": "sha1-7oRy27Ep5yezHooQpCfe6d/kAIs="
    },
    "colorette": {
      "version": "1.2.1",
      "resolved": "https://registry.npm.taobao.org/colorette/download/colorette-1.2.1.tgz?cache=0&sync_timestamp=1593955763917&other_urls=https%3A%2F%2Fregistry.npm.taobao.org%2Fcolorette%2Fdownload%2Fcolorette-1.2.1.tgz",
      "integrity": "sha1-TQuSEyXBT6+SYzCGpTbbbolWSxs="
    },
    "commander": {
      "version": "2.20.3",
      "resolved": "https://registry.npm.taobao.org/commander/download/commander-2.20.3.tgz?cache=0&sync_timestamp=1603599636161&other_urls=https%3A%2F%2Fregistry.npm.taobao.org%2Fcommander%2Fdownload%2Fcommander-2.20.3.tgz",
      "integrity": "sha1-/UhehMA+tIgcIHIrpIA16FMa6zM="
    },
    "commondir": {
      "version": "1.0.1",
      "resolved": "https://registry.npm.taobao.org/commondir/download/commondir-1.0.1.tgz",
      "integrity": "sha1-3dgA2gxmEnOTzKWVDqloo6rxJTs="
    },
    "concat-map": {
      "version": "0.0.1",
      "resolved": "https://registry.npm.taobao.org/concat-map/download/concat-map-0.0.1.tgz",
      "integrity": "sha1-2Klr13/Wjfd5OnMDajug1UBdR3s="
    },
    "electron-to-chromium": {
      "version": "1.3.603",
      "resolved": "https://registry.npm.taobao.org/electron-to-chromium/download/electron-to-chromium-1.3.603.tgz?cache=0&sync_timestamp=1605839576608&other_urls=https%3A%2F%2Fregistry.npm.taobao.org%2Felectron-to-chromium%2Fdownload%2Felectron-to-chromium-1.3.603.tgz",
      "integrity": "sha1-G3G+wn+5QOzNeSRfaCTGPV9+ir8="
    },
    "enhanced-resolve": {
      "version": "5.3.1",
      "resolved": "https://registry.npm.taobao.org/enhanced-resolve/download/enhanced-resolve-5.3.1.tgz?cache=0&sync_timestamp=1603455697031&other_urls=https%3A%2F%2Fregistry.npm.taobao.org%2Fenhanced-resolve%2Fdownload%2Fenhanced-resolve-5.3.1.tgz",
      "integrity": "sha1-P5iNDXd1vcLZbt4yHcgfgklJL1c=",
      "requires": {
        "graceful-fs": "^4.2.4",
        "tapable": "^2.0.0"
      }
    },
    "escalade": {
      "version": "3.1.1",
      "resolved": "https://registry.npm.taobao.org/escalade/download/escalade-3.1.1.tgz?cache=0&sync_timestamp=1602567230854&other_urls=https%3A%2F%2Fregistry.npm.taobao.org%2Fescalade%2Fdownload%2Fescalade-3.1.1.tgz",
      "integrity": "sha1-2M/ccACWXFoBdLSoLqpcBVJ0LkA="
    },
    "eslint-scope": {
      "version": "5.1.1",
      "resolved": "https://registry.npm.taobao.org/eslint-scope/download/eslint-scope-5.1.1.tgz?cache=0&sync_timestamp=1599933677754&other_urls=https%3A%2F%2Fregistry.npm.taobao.org%2Feslint-scope%2Fdownload%2Feslint-scope-5.1.1.tgz",
      "integrity": "sha1-54blmmbLkrP2wfsNUIqrF0hI9Iw=",
      "requires": {
        "esrecurse": "^4.3.0",
        "estraverse": "^4.1.1"
      }
    },
    "esrecurse": {
      "version": "4.3.0",
      "resolved": "https://registry.npm.taobao.org/esrecurse/download/esrecurse-4.3.0.tgz?cache=0&sync_timestamp=1598898247102&other_urls=https%3A%2F%2Fregistry.npm.taobao.org%2Fesrecurse%2Fdownload%2Fesrecurse-4.3.0.tgz",
      "integrity": "sha1-eteWTWeauyi+5yzsY3WLHF0smSE=",
      "requires": {
        "estraverse": "^5.2.0"
      },
      "dependencies": {
        "estraverse": {
          "version": "5.2.0",
          "resolved": "https://registry.npm.taobao.org/estraverse/download/estraverse-5.2.0.tgz",
          "integrity": "sha1-MH30JUfmzHMk088DwVXVzbjFOIA="
        }
      }
    },
    "estraverse": {
      "version": "4.3.0",
      "resolved": "https://registry.npm.taobao.org/estraverse/download/estraverse-4.3.0.tgz",
      "integrity": "sha1-OYrT88WiSUi+dyXoPRGn3ijNvR0="
    },
    "events": {
      "version": "3.2.0",
      "resolved": "https://registry.npm.taobao.org/events/download/events-3.2.0.tgz",
      "integrity": "sha1-k7h8GPjvzUICpGGuxN/AVWtjk3k="
    },
    "fast-deep-equal": {
      "version": "3.1.3",
      "resolved": "https://registry.npm.taobao.org/fast-deep-equal/download/fast-deep-equal-3.1.3.tgz?cache=0&sync_timestamp=1591599651635&other_urls=https%3A%2F%2Fregistry.npm.taobao.org%2Ffast-deep-equal%2Fdownload%2Ffast-deep-equal-3.1.3.tgz",
      "integrity": "sha1-On1WtVnWy8PrUSMlJE5hmmXGxSU="
    },
    "fast-json-stable-stringify": {
      "version": "2.1.0",
      "resolved": "https://registry.npm.taobao.org/fast-json-stable-stringify/download/fast-json-stable-stringify-2.1.0.tgz?cache=0&sync_timestamp=1576340291001&other_urls=https%3A%2F%2Fregistry.npm.taobao.org%2Ffast-json-stable-stringify%2Fdownload%2Ffast-json-stable-stringify-2.1.0.tgz",
      "integrity": "sha1-h0v2nG9ATCtdmcSBNBOZ/VWJJjM="
    },
    "find-cache-dir": {
      "version": "3.3.1",
      "resolved": "https://registry.npm.taobao.org/find-cache-dir/download/find-cache-dir-3.3.1.tgz?cache=0&sync_timestamp=1583734687174&other_urls=https%3A%2F%2Fregistry.npm.taobao.org%2Ffind-cache-dir%2Fdownload%2Ffind-cache-dir-3.3.1.tgz",
      "integrity": "sha1-ibM/rUpGcNqpT4Vff74x1thP6IA=",
      "requires": {
        "commondir": "^1.0.1",
        "make-dir": "^3.0.2",
        "pkg-dir": "^4.1.0"
      }
    },
    "find-up": {
      "version": "4.1.0",
      "resolved": "https://registry.npm.taobao.org/find-up/download/find-up-4.1.0.tgz?cache=0&sync_timestamp=1597169795121&other_urls=https%3A%2F%2Fregistry.npm.taobao.org%2Ffind-up%2Fdownload%2Ffind-up-4.1.0.tgz",
      "integrity": "sha1-l6/n1s3AvFkoWEt8jXsW6KmqXRk=",
      "requires": {
        "locate-path": "^5.0.0",
        "path-exists": "^4.0.0"
      }
    },
    "fs-minipass": {
      "version": "2.1.0",
      "resolved": "https://registry.npm.taobao.org/fs-minipass/download/fs-minipass-2.1.0.tgz",
      "integrity": "sha1-f1A2/b8SxjwWkZDL5BmchSJx+fs=",
      "requires": {
        "minipass": "^3.0.0"
      }
    },
    "fs.realpath": {
      "version": "1.0.0",
      "resolved": "https://registry.npm.taobao.org/fs.realpath/download/fs.realpath-1.0.0.tgz",
      "integrity": "sha1-FQStJSMVjKpA20onh8sBQRmU6k8="
    },
    "glob": {
      "version": "7.1.6",
      "resolved": "https://registry.npm.taobao.org/glob/download/glob-7.1.6.tgz",
      "integrity": "sha1-FB8zuBp8JJLhJVlDB0gMRmeSeKY=",
      "requires": {
        "fs.realpath": "^1.0.0",
        "inflight": "^1.0.4",
        "inherits": "2",
        "minimatch": "^3.0.4",
        "once": "^1.3.0",
        "path-is-absolute": "^1.0.0"
      }
    },
    "glob-to-regexp": {
      "version": "0.4.1",
      "resolved": "https://registry.npm.taobao.org/glob-to-regexp/download/glob-to-regexp-0.4.1.tgz",
      "integrity": "sha1-x1KXCHyFG5pXi9IX3VmpL1n+VG4="
    },
    "graceful-fs": {
      "version": "4.2.4",
      "resolved": "https://registry.npm.taobao.org/graceful-fs/download/graceful-fs-4.2.4.tgz",
      "integrity": "sha1-Ila94U02MpWMRl68ltxGfKB6Kfs="
    },
    "has-flag": {
      "version": "4.0.0",
      "resolved": "https://registry.npm.taobao.org/has-flag/download/has-flag-4.0.0.tgz",
      "integrity": "sha1-lEdx/ZyByBJlxNaUGGDaBrtZR5s="
    },
    "imurmurhash": {
      "version": "0.1.4",
      "resolved": "https://registry.npm.taobao.org/imurmurhash/download/imurmurhash-0.1.4.tgz",
      "integrity": "sha1-khi5srkoojixPcT7a21XbyMUU+o="
    },
    "indent-string": {
      "version": "4.0.0",
      "resolved": "https://registry.npm.taobao.org/indent-string/download/indent-string-4.0.0.tgz",
      "integrity": "sha1-Yk+PRJfWGbLZdoUx1Y9BIoVNclE="
    },
    "infer-owner": {
      "version": "1.0.4",
      "resolved": "https://registry.npm.taobao.org/infer-owner/download/infer-owner-1.0.4.tgz",
      "integrity": "sha1-xM78qo5RBRwqQLos6KPScpWvlGc="
    },
    "inflight": {
      "version": "1.0.6",
      "resolved": "https://registry.npm.taobao.org/inflight/download/inflight-1.0.6.tgz",
      "integrity": "sha1-Sb1jMdfQLQwJvJEKEHW6gWW1bfk=",
      "requires": {
        "once": "^1.3.0",
        "wrappy": "1"
      }
    },
    "inherits": {
      "version": "2.0.4",
      "resolved": "https://registry.npm.taobao.org/inherits/download/inherits-2.0.4.tgz?cache=0&sync_timestamp=1560975547815&other_urls=https%3A%2F%2Fregistry.npm.taobao.org%2Finherits%2Fdownload%2Finherits-2.0.4.tgz",
      "integrity": "sha1-D6LGT5MpF8NDOg3tVTY6rjdBa3w="
    },
    "jest-worker": {
      "version": "26.6.2",
      "resolved": "https://registry.npm.taobao.org/jest-worker/download/jest-worker-26.6.2.tgz?cache=0&sync_timestamp=1604321637456&other_urls=https%3A%2F%2Fregistry.npm.taobao.org%2Fjest-worker%2Fdownload%2Fjest-worker-26.6.2.tgz",
      "integrity": "sha1-f3LLxNZDw2Xie5/XdfnQ6qnHqO0=",
      "requires": {
        "@types/node": "*",
        "merge-stream": "^2.0.0",
        "supports-color": "^7.0.0"
      }
    },
    "json-parse-better-errors": {
      "version": "1.0.2",
      "resolved": "https://registry.npm.taobao.org/json-parse-better-errors/download/json-parse-better-errors-1.0.2.tgz",
      "integrity": "sha1-u4Z8+zRQ5pEHwTHRxRS6s9yLyqk="
    },
    "json-schema-traverse": {
      "version": "0.4.1",
      "resolved": "https://registry.npm.taobao.org/json-schema-traverse/download/json-schema-traverse-0.4.1.tgz?cache=0&sync_timestamp=1599333999343&other_urls=https%3A%2F%2Fregistry.npm.taobao.org%2Fjson-schema-traverse%2Fdownload%2Fjson-schema-traverse-0.4.1.tgz",
      "integrity": "sha1-afaofZUTq4u4/mO9sJecRI5oRmA="
    },
    "loader-runner": {
      "version": "4.1.0",
      "resolved": "https://registry.npm.taobao.org/loader-runner/download/loader-runner-4.1.0.tgz?cache=0&sync_timestamp=1601450715716&other_urls=https%3A%2F%2Fregistry.npm.taobao.org%2Floader-runner%2Fdownload%2Floader-runner-4.1.0.tgz",
      "integrity": "sha1-9wvAwp7bq98gQ+fuc8zD/hyWtC0="
    },
    "locate-path": {
      "version": "5.0.0",
      "resolved": "https://registry.npm.taobao.org/locate-path/download/locate-path-5.0.0.tgz",
      "integrity": "sha1-Gvujlq/WdqbUJQTQpno6frn2KqA=",
      "requires": {
        "p-locate": "^4.1.0"
      }
    },
    "lru-cache": {
      "version": "6.0.0",
      "resolved": "https://registry.npm.taobao.org/lru-cache/download/lru-cache-6.0.0.tgz?cache=0&sync_timestamp=1594427573763&other_urls=https%3A%2F%2Fregistry.npm.taobao.org%2Flru-cache%2Fdownload%2Flru-cache-6.0.0.tgz",
      "integrity": "sha1-bW/mVw69lqr5D8rR2vo7JWbbOpQ=",
      "requires": {
        "yallist": "^4.0.0"
      }
    },
    "make-dir": {
      "version": "3.1.0",
      "resolved": "https://registry.npm.taobao.org/make-dir/download/make-dir-3.1.0.tgz?cache=0&other_urls=https%3A%2F%2Fregistry.npm.taobao.org%2Fmake-dir%2Fdownload%2Fmake-dir-3.1.0.tgz",
      "integrity": "sha1-QV6WcEazp/HRhSd9hKpYIDcmoT8=",
      "requires": {
        "semver": "^6.0.0"
      }
    },
    "merge-stream": {
      "version": "2.0.0",
      "resolved": "https://registry.npm.taobao.org/merge-stream/download/merge-stream-2.0.0.tgz",
      "integrity": "sha1-UoI2KaFN0AyXcPtq1H3GMQ8sH2A="
    },
    "mime-db": {
      "version": "1.44.0",
      "resolved": "https://registry.npm.taobao.org/mime-db/download/mime-db-1.44.0.tgz?cache=0&sync_timestamp=1600831175828&other_urls=https%3A%2F%2Fregistry.npm.taobao.org%2Fmime-db%2Fdownload%2Fmime-db-1.44.0.tgz",
      "integrity": "sha1-+hHF6wrKEzS0Izy01S8QxaYnL5I="
    },
    "mime-types": {
      "version": "2.1.27",
      "resolved": "https://registry.npm.taobao.org/mime-types/download/mime-types-2.1.27.tgz",
      "integrity": "sha1-R5SfmOJ56lMRn1ci4PNOUpvsAJ8=",
      "requires": {
        "mime-db": "1.44.0"
      }
    },
    "minimatch": {
      "version": "3.0.4",
      "resolved": "https://registry.npm.taobao.org/minimatch/download/minimatch-3.0.4.tgz",
      "integrity": "sha1-UWbihkV/AzBgZL5Ul+jbsMPTIIM=",
      "requires": {
        "brace-expansion": "^1.1.7"
      }
    },
    "minipass": {
      "version": "3.1.3",
      "resolved": "https://registry.npm.taobao.org/minipass/download/minipass-3.1.3.tgz",
      "integrity": "sha1-fUL/HzljVILhX5zbUxhN7r1YFf0=",
      "requires": {
        "yallist": "^4.0.0"
      }
    },
    "minipass-collect": {
      "version": "1.0.2",
      "resolved": "https://registry.npm.taobao.org/minipass-collect/download/minipass-collect-1.0.2.tgz",
      "integrity": "sha1-IrgTv3Rdxu26JXa5QAIq1u3Ixhc=",
      "requires": {
        "minipass": "^3.0.0"
      }
    },
    "minipass-flush": {
      "version": "1.0.5",
      "resolved": "https://registry.npm.taobao.org/minipass-flush/download/minipass-flush-1.0.5.tgz",
      "integrity": "sha1-gucTXX6JpQ/+ZGEKeHlTxMTLs3M=",
      "requires": {
        "minipass": "^3.0.0"
      }
    },
    "minipass-pipeline": {
      "version": "1.2.4",
      "resolved": "https://registry.npm.taobao.org/minipass-pipeline/download/minipass-pipeline-1.2.4.tgz",
      "integrity": "sha1-aEcveXEcCEZXwGfFxq2Tzd6oIUw=",
      "requires": {
        "minipass": "^3.0.0"
      }
    },
    "minizlib": {
      "version": "2.1.2",
      "resolved": "https://registry.npm.taobao.org/minizlib/download/minizlib-2.1.2.tgz",
      "integrity": "sha1-6Q00Zrogm5MkUVCKEc49NjIUWTE=",
      "requires": {
        "minipass": "^3.0.0",
        "yallist": "^4.0.0"
      }
    },
    "mkdirp": {
      "version": "1.0.4",
      "resolved": "https://registry.npm.taobao.org/mkdirp/download/mkdirp-1.0.4.tgz",
      "integrity": "sha1-PrXtYmInVteaXw4qIh3+utdcL34="
    },
    "neo-async": {
      "version": "2.6.2",
      "resolved": "https://registry.npm.taobao.org/neo-async/download/neo-async-2.6.2.tgz?cache=0&sync_timestamp=1594317624736&other_urls=https%3A%2F%2Fregistry.npm.taobao.org%2Fneo-async%2Fdownload%2Fneo-async-2.6.2.tgz",
      "integrity": "sha1-tKr7k+OustgXTKU88WOrfXMIMF8="
    },
    "node-releases": {
      "version": "1.1.67",
      "resolved": "https://registry.npm.taobao.org/node-releases/download/node-releases-1.1.67.tgz?cache=0&sync_timestamp=1605581302570&other_urls=https%3A%2F%2Fregistry.npm.taobao.org%2Fnode-releases%2Fdownload%2Fnode-releases-1.1.67.tgz",
      "integrity": "sha1-KOv8zNC6pqrY6NTY/ky8Sa4jnBI="
    },
    "once": {
      "version": "1.4.0",
      "resolved": "https://registry.npm.taobao.org/once/download/once-1.4.0.tgz",
      "integrity": "sha1-WDsap3WWHUsROsF9nFC6753Xa9E=",
      "requires": {
        "wrappy": "1"
      }
    },
    "p-limit": {
      "version": "2.3.0",
      "resolved": "https://registry.npm.taobao.org/p-limit/download/p-limit-2.3.0.tgz?cache=0&sync_timestamp=1594559711554&other_urls=https%3A%2F%2Fregistry.npm.taobao.org%2Fp-limit%2Fdownload%2Fp-limit-2.3.0.tgz",
      "integrity": "sha1-PdM8ZHohT9//2DWTPrCG2g3CHbE=",
      "requires": {
        "p-try": "^2.0.0"
      }
    },
    "p-locate": {
      "version": "4.1.0",
      "resolved": "https://registry.npm.taobao.org/p-locate/download/p-locate-4.1.0.tgz?cache=0&sync_timestamp=1597081369770&other_urls=https%3A%2F%2Fregistry.npm.taobao.org%2Fp-locate%2Fdownload%2Fp-locate-4.1.0.tgz",
      "integrity": "sha1-o0KLtwiLOmApL2aRkni3wpetTwc=",
      "requires": {
        "p-limit": "^2.2.0"
      }
    },
    "p-map": {
      "version": "4.0.0",
      "resolved": "https://registry.npm.taobao.org/p-map/download/p-map-4.0.0.tgz",
      "integrity": "sha1-uy+Vpe2i7BaOySdOBqdHw+KQTSs=",
      "requires": {
        "aggregate-error": "^3.0.0"
      }
    },
    "p-try": {
      "version": "2.2.0",
      "resolved": "https://registry.npm.taobao.org/p-try/download/p-try-2.2.0.tgz",
      "integrity": "sha1-yyhoVA4xPWHeWPr741zpAE1VQOY="
    },
    "path-exists": {
      "version": "4.0.0",
      "resolved": "https://registry.npm.taobao.org/path-exists/download/path-exists-4.0.0.tgz",
      "integrity": "sha1-UTvb4tO5XXdi6METfvoZXGxhtbM="
    },
    "path-is-absolute": {
      "version": "1.0.1",
      "resolved": "https://registry.npm.taobao.org/path-is-absolute/download/path-is-absolute-1.0.1.tgz",
      "integrity": "sha1-F0uSaHNVNP+8es5r9TpanhtcX18="
    },
    "pkg-dir": {
      "version": "4.2.0",
      "resolved": "https://registry.npm.taobao.org/pkg-dir/download/pkg-dir-4.2.0.tgz?cache=0&sync_timestamp=1602859056682&other_urls=https%3A%2F%2Fregistry.npm.taobao.org%2Fpkg-dir%2Fdownload%2Fpkg-dir-4.2.0.tgz",
      "integrity": "sha1-8JkTPfft5CLoHR2ESCcO6z5CYfM=",
      "requires": {
        "find-up": "^4.0.0"
      }
    },
    "promise-inflight": {
      "version": "1.0.1",
      "resolved": "https://registry.npm.taobao.org/promise-inflight/download/promise-inflight-1.0.1.tgz",
      "integrity": "sha1-mEcocL8igTL8vdhoEputEsPAKeM="
    },
    "punycode": {
      "version": "2.1.1",
      "resolved": "https://registry.npm.taobao.org/punycode/download/punycode-2.1.1.tgz",
      "integrity": "sha1-tYsBCsQMIsVldhbI0sLALHv0eew="
    },
    "randombytes": {
      "version": "2.1.0",
      "resolved": "https://registry.npm.taobao.org/randombytes/download/randombytes-2.1.0.tgz",
      "integrity": "sha1-32+ENy8CcNxlzfYpE0mrekc9Tyo=",
      "requires": {
        "safe-buffer": "^5.1.0"
      }
    },
    "rimraf": {
      "version": "3.0.2",
      "resolved": "https://registry.npm.taobao.org/rimraf/download/rimraf-3.0.2.tgz",
      "integrity": "sha1-8aVAK6YiCtUswSgrrBrjqkn9Bho=",
      "requires": {
        "glob": "^7.1.3"
      }
    },
    "safe-buffer": {
      "version": "5.2.1",
      "resolved": "https://registry.npm.taobao.org/safe-buffer/download/safe-buffer-5.2.1.tgz",
      "integrity": "sha1-Hq+fqb2x/dTsdfWPnNtOa3gn7sY="
    },
    "schema-utils": {
      "version": "3.0.0",
      "resolved": "https://registry.npm.taobao.org/schema-utils/download/schema-utils-3.0.0.tgz?cache=0&sync_timestamp=1601922251376&other_urls=https%3A%2F%2Fregistry.npm.taobao.org%2Fschema-utils%2Fdownload%2Fschema-utils-3.0.0.tgz",
      "integrity": "sha1-Z1AvaqK2ai1AMrQnmilEl4oJE+8=",
      "requires": {
        "@types/json-schema": "^7.0.6",
        "ajv": "^6.12.5",
        "ajv-keywords": "^3.5.2"
      }
    },
    "semver": {
      "version": "6.3.0",
      "resolved": "https://registry.npm.taobao.org/semver/download/semver-6.3.0.tgz",
      "integrity": "sha1-7gpkyK9ejO6mdoexM3YeG+y9HT0="
    },
    "serialize-javascript": {
      "version": "5.0.1",
      "resolved": "https://registry.npm.taobao.org/serialize-javascript/download/serialize-javascript-5.0.1.tgz",
      "integrity": "sha1-eIbshIBJpGJGepfT2Rjrsqr5NPQ=",
      "requires": {
        "randombytes": "^2.1.0"
      }
    },
    "source-list-map": {
      "version": "2.0.1",
      "resolved": "https://registry.npm.taobao.org/source-list-map/download/source-list-map-2.0.1.tgz",
      "integrity": "sha1-OZO9hzv8SEecyp6jpUeDXHwVSzQ="
    },
    "source-map": {
      "version": "0.6.1",
      "resolved": "https://registry.npm.taobao.org/source-map/download/source-map-0.6.1.tgz",
      "integrity": "sha1-dHIq8y6WFOnCh6jQu95IteLxomM="
    },
    "source-map-support": {
      "version": "0.5.19",
      "resolved": "https://registry.npm.taobao.org/source-map-support/download/source-map-support-0.5.19.tgz",
      "integrity": "sha1-qYti+G3K9PZzmWSMCFKRq56P7WE=",
      "requires": {
        "buffer-from": "^1.0.0",
        "source-map": "^0.6.0"
      }
    },
    "ssri": {
      "version": "8.0.0",
      "resolved": "https://registry.npm.taobao.org/ssri/download/ssri-8.0.0.tgz",
      "integrity": "sha1-ecp04h+M6u3fy0uQFDxFi42YiAg=",
      "requires": {
        "minipass": "^3.1.1"
      }
    },
    "supports-color": {
      "version": "7.2.0",
      "resolved": "https://registry.npm.taobao.org/supports-color/download/supports-color-7.2.0.tgz?cache=0&sync_timestamp=1598611771865&other_urls=https%3A%2F%2Fregistry.npm.taobao.org%2Fsupports-color%2Fdownload%2Fsupports-color-7.2.0.tgz",
      "integrity": "sha1-G33NyzK4E4gBs+R4umpRyqiWSNo=",
      "requires": {
        "has-flag": "^4.0.0"
      }
    },
    "tapable": {
      "version": "2.1.1",
      "resolved": "https://registry.npm.taobao.org/tapable/download/tapable-2.1.1.tgz?cache=0&sync_timestamp=1604918005494&other_urls=https%3A%2F%2Fregistry.npm.taobao.org%2Ftapable%2Fdownload%2Ftapable-2.1.1.tgz",
      "integrity": "sha1-sBzBkC1Cp7swUU4yDOIcRW9y/T8="
    },
    "tar": {
      "version": "6.0.5",
      "resolved": "https://registry.npm.taobao.org/tar/download/tar-6.0.5.tgz",
      "integrity": "sha1-vegVCG4Qs58dzSmOidWW4VNeIA8=",
      "requires": {
        "chownr": "^2.0.0",
        "fs-minipass": "^2.0.0",
        "minipass": "^3.0.0",
        "minizlib": "^2.1.1",
        "mkdirp": "^1.0.3",
        "yallist": "^4.0.0"
      }
    },
    "terser": {
      "version": "5.5.0",
      "resolved": "https://registry.npm.taobao.org/terser/download/terser-5.5.0.tgz",
      "integrity": "sha1-FAb8tNS8UXrdOyKpaUKEwEDjNEg=",
      "requires": {
        "commander": "^2.20.0",
        "source-map": "~0.7.2",
        "source-map-support": "~0.5.19"
      },
      "dependencies": {
        "source-map": {
          "version": "0.7.3",
          "resolved": "https://registry.npm.taobao.org/source-map/download/source-map-0.7.3.tgz",
          "integrity": "sha1-UwL4FpAxc1ImVECS5kmB91F1A4M="
        }
      }
    },
    "terser-webpack-plugin": {
      "version": "4.2.3",
      "resolved": "https://registry.npm.taobao.org/terser-webpack-plugin/download/terser-webpack-plugin-4.2.3.tgz?cache=0&sync_timestamp=1603881849612&other_urls=https%3A%2F%2Fregistry.npm.taobao.org%2Fterser-webpack-plugin%2Fdownload%2Fterser-webpack-plugin-4.2.3.tgz",
      "integrity": "sha1-KNrvSoO9F8HbApcHCtwH/Iz8apo=",
      "requires": {
        "cacache": "^15.0.5",
        "find-cache-dir": "^3.3.1",
        "jest-worker": "^26.5.0",
        "p-limit": "^3.0.2",
        "schema-utils": "^3.0.0",
        "serialize-javascript": "^5.0.1",
        "source-map": "^0.6.1",
        "terser": "^5.3.4",
        "webpack-sources": "^1.4.3"
      },
      "dependencies": {
        "p-limit": {
          "version": "3.0.2",
          "resolved": "https://registry.npm.taobao.org/p-limit/download/p-limit-3.0.2.tgz?cache=0&sync_timestamp=1594559711554&other_urls=https%3A%2F%2Fregistry.npm.taobao.org%2Fp-limit%2Fdownload%2Fp-limit-3.0.2.tgz",
          "integrity": "sha1-FmTgEK88rcaBuq/T4qQ3vnsPtf4=",
          "requires": {
            "p-try": "^2.0.0"
          }
        },
        "webpack-sources": {
          "version": "1.4.3",
          "resolved": "https://registry.npm.taobao.org/webpack-sources/download/webpack-sources-1.4.3.tgz?cache=0&sync_timestamp=1603965322767&other_urls=https%3A%2F%2Fregistry.npm.taobao.org%2Fwebpack-sources%2Fdownload%2Fwebpack-sources-1.4.3.tgz",
          "integrity": "sha1-7t2OwLko+/HL/plOItLYkPMwqTM=",
          "requires": {
            "source-list-map": "^2.0.0",
            "source-map": "~0.6.1"
          }
        }
      }
    },
    "tslib": {
      "version": "1.14.1",
      "resolved": "https://registry.npm.taobao.org/tslib/download/tslib-1.14.1.tgz?cache=0&sync_timestamp=1602286724979&other_urls=https%3A%2F%2Fregistry.npm.taobao.org%2Ftslib%2Fdownload%2Ftslib-1.14.1.tgz",
      "integrity": "sha1-zy04vcNKE0vK8QkcQfZhni9nLQA="
    },
    "unique-filename": {
      "version": "1.1.1",
      "resolved": "https://registry.npm.taobao.org/unique-filename/download/unique-filename-1.1.1.tgz",
      "integrity": "sha1-HWl2k2mtoFgxA6HmrodoG1ZXMjA=",
      "requires": {
        "unique-slug": "^2.0.0"
      }
    },
    "unique-slug": {
      "version": "2.0.2",
      "resolved": "https://registry.npm.taobao.org/unique-slug/download/unique-slug-2.0.2.tgz",
      "integrity": "sha1-uqvOkQg/xk6UWw861hPiZPfNTmw=",
      "requires": {
        "imurmurhash": "^0.1.4"
      }
    },
    "uri-js": {
      "version": "4.4.0",
      "resolved": "https://registry.npm.taobao.org/uri-js/download/uri-js-4.4.0.tgz?cache=0&sync_timestamp=1598814588153&other_urls=https%3A%2F%2Fregistry.npm.taobao.org%2Furi-js%2Fdownload%2Furi-js-4.4.0.tgz",
      "integrity": "sha1-qnFCYd55PoqCNHp7zJznTobyhgI=",
      "requires": {
        "punycode": "^2.1.0"
      }
    },
    "vue": {
      "version": "2.4.1",
      "resolved": "https://registry.npm.taobao.org/vue/download/vue-2.4.1.tgz?cache=0&sync_timestamp=1606321103814&other_urls=https%3A%2F%2Fregistry.npm.taobao.org%2Fvue%2Fdownload%2Fvue-2.4.1.tgz",
      "integrity": "sha1-duC47uYUYTUyIWt7/nhOC1aVsWA="
    },
    "watchpack": {
      "version": "2.0.1",
      "resolved": "https://registry.npm.taobao.org/watchpack/download/watchpack-2.0.1.tgz?cache=0&sync_timestamp=1604989294304&other_urls=https%3A%2F%2Fregistry.npm.taobao.org%2Fwatchpack%2Fdownload%2Fwatchpack-2.0.1.tgz",
      "integrity": "sha1-LyGSxULIKjvN52rNNBFHDBIEJqg=",
      "requires": {
        "glob-to-regexp": "^0.4.1",
        "graceful-fs": "^4.1.2"
      }
    },
    "webpack": {
      "version": "5.0.0",
      "resolved": "https://registry.npm.taobao.org/webpack/download/webpack-5.0.0.tgz?cache=0&sync_timestamp=1605786608413&other_urls=https%3A%2F%2Fregistry.npm.taobao.org%2Fwebpack%2Fdownload%2Fwebpack-5.0.0.tgz",
      "integrity": "sha1-wCiy8MHbIyLeH0owzDb243PVomo=",
      "requires": {
        "@types/eslint-scope": "^3.7.0",
        "@types/estree": "^0.0.45",
        "@webassemblyjs/ast": "1.9.0",
        "@webassemblyjs/helper-module-context": "1.9.0",
        "@webassemblyjs/wasm-edit": "1.9.0",
        "@webassemblyjs/wasm-parser": "1.9.0",
        "acorn": "^8.0.3",
        "browserslist": "^4.14.3",
        "chrome-trace-event": "^1.0.2",
        "enhanced-resolve": "^5.2.0",
        "eslint-scope": "^5.1.0",
        "events": "^3.2.0",
        "glob-to-regexp": "^0.4.1",
        "graceful-fs": "^4.2.4",
        "json-parse-better-errors": "^1.0.2",
        "loader-runner": "^4.1.0",
        "mime-types": "^2.1.27",
        "neo-async": "^2.6.2",
        "pkg-dir": "^4.2.0",
        "schema-utils": "^3.0.0",
        "tapable": "^2.0.0",
        "terser-webpack-plugin": "^4.1.0",
        "watchpack": "^2.0.0",
        "webpack-sources": "^2.0.1"
      }
    },
    "webpack-sources": {
      "version": "2.2.0",
      "resolved": "https://registry.npm.taobao.org/webpack-sources/download/webpack-sources-2.2.0.tgz?cache=0&sync_timestamp=1603965322767&other_urls=https%3A%2F%2Fregistry.npm.taobao.org%2Fwebpack-sources%2Fdownload%2Fwebpack-sources-2.2.0.tgz",
      "integrity": "sha1-BYkm8549RDGTtsMVRyKYBv/QK6w=",
      "requires": {
        "source-list-map": "^2.0.1",
        "source-map": "^0.6.1"
      }
    },
    "wrappy": {
      "version": "1.0.2",
      "resolved": "https://registry.npm.taobao.org/wrappy/download/wrappy-1.0.2.tgz",
      "integrity": "sha1-tSQ9jz7BqjXxNkYFvA0QNuMKtp8="
    },
    "yallist": {
      "version": "4.0.0",
      "resolved": "https://registry.npm.taobao.org/yallist/download/yallist-4.0.0.tgz",
      "integrity": "sha1-m7knkNnA7/7GO+c1GeEaNQGaOnI="
    }
  }
}
